
Microsoft Visual Studio Solution File, Format Version 12.00
# Visual Studio Version 17
VisualStudioVersion = 17.7.34221.43
MinimumVisualStudioVersion = 10.0.40219.1
Project("{888888A0-9F3D-457C-B088-3A5042F75D52}") = "AutapseNeuronVS", "AutapseNeuronVS\AutapseNeuronVS.pyproj", "{9DE21D17-310B-4F9D-A9F0-F95252206946}"
EndProject
Global
	GlobalSection(SolutionConfigurationPlatforms) = preSolution
		Debug|Any CPU = Debug|Any CPU
		Release|Any CPU = Release|Any CPU
	EndGlobalSection
	GlobalSection(ProjectConfigurationPlatforms) = postSolution
		{9DE21D17-310B-4F9D-A9F0-F95252206946}.Debug|Any CPU.ActiveCfg = Debug|Any CPU
		{9DE21D17-310B-4F9D-A9F0-F95252206946}.Release|Any CPU.ActiveCfg = Release|Any CPU
	EndGlobalSection
	GlobalSection(SolutionProperties) = preSolution
		HideSolutionNode = FALSE
	EndGlobalSection
	GlobalSection(ExtensibilityGlobals) = postSolution
		SolutionGuid = {F93E5A9C-8120-43F7-AD18-65670500F8EF}
	EndGlobalSection
EndGlobal
